
Microsoft Visual Studio Solution File, Format Version 12.00
# Visual Studio 15
VisualStudioVersion = 15.0.27004.2002
MinimumVisualStudioVersion = 10.0.40219.1
Project("{FAE04EC0-301F-11D3-BF4B-00C04F79EFBC}") = "AChessboardGame", "AChessboardGame\AChessboardGame.csproj", "{699ABAE3-CADB-4CFD-ACD9-13C69CE6989C}"
EndProject
Global
	GlobalSection(SolutionConfigurationPlatforms) = preSolution
		Debug|Any CPU = Debug|Any CPU
		Release|Any CPU = Release|Any CPU
	EndGlobalSection
	GlobalSection(ProjectConfigurationPlatforms) = postSolution
		{699ABAE3-CADB-4CFD-ACD9-13C69CE6989C}.Debug|Any CPU.ActiveCfg = Debug|Any CPU
		{699ABAE3-CADB-4CFD-ACD9-13C69CE6989C}.Debug|Any CPU.Build.0 = Debug|Any CPU
		{699ABAE3-CADB-4CFD-ACD9-13C69CE6989C}.Release|Any CPU.ActiveCfg = Release|Any CPU
		{699ABAE3-CADB-4CFD-ACD9-13C69CE6989C}.Release|Any CPU.Build.0 = Release|Any CPU
	EndGlobalSection
	GlobalSection(SolutionProperties) = preSolution
		HideSolutionNode = FALSE
	EndGlobalSection
	GlobalSection(ExtensibilityGlobals) = postSolution
		SolutionGuid = {F2AAF642-0514-4584-9F10-766AB5D6F5E5}
	EndGlobalSection
EndGlobal
